
Microsoft Visual Studio Solution File, Format Version 12.00
# Visual Studio Version 16
VisualStudioVersion = 16.0.31727.386
MinimumVisualStudioVersion = 10.0.40219.1
Project("{FAE04EC0-301F-11D3-BF4B-00C04F79EFBC}") = "Solaris", "Solaris\Solaris.csproj", "{3BAC8A10-72EC-443A-9A27-AEE9412988E4}"
EndProject
Project("{FAE04EC0-301F-11D3-BF4B-00C04F79EFBC}") = "Entidades", "Entidades\Entidades.csproj", "{9A391899-5924-401D-96B9-37B53E1700AB}"
EndProject
Project("{FAE04EC0-301F-11D3-BF4B-00C04F79EFBC}") = "Dal", "Dal\Dal.csproj", "{3498308D-D0B6-40A0-8E14-2FDFF653BFCF}"
EndProject
Global
	GlobalSection(SolutionConfigurationPlatforms) = preSolution
		Debug|Any CPU = Debug|Any CPU
		Debug|ARM = Debug|ARM
		Debug|ARM64 = Debug|ARM64
		Debug|x64 = Debug|x64
		Debug|x86 = Debug|x86
		Release|Any CPU = Release|Any CPU
		Release|ARM = Release|ARM
		Release|ARM64 = Release|ARM64
		Release|x64 = Release|x64
		Release|x86 = Release|x86
	EndGlobalSection
	GlobalSection(ProjectConfigurationPlatforms) = postSolution
		{3BAC8A10-72EC-443A-9A27-AEE9412988E4}.Debug|Any CPU.ActiveCfg = Debug|x86
		{3BAC8A10-72EC-443A-9A27-AEE9412988E4}.Debug|ARM.ActiveCfg = Debug|ARM
		{3BAC8A10-72EC-443A-9A27-AEE9412988E4}.Debug|ARM.Build.0 = Debug|ARM
		{3BAC8A10-72EC-443A-9A27-AEE9412988E4}.Debug|ARM.Deploy.0 = Debug|ARM
		{3BAC8A10-72EC-443A-9A27-AEE9412988E4}.Debug|ARM64.ActiveCfg = Debug|ARM64
		{3BAC8A10-72EC-443A-9A27-AEE9412988E4}.Debug|ARM64.Build.0 = Debug|ARM64
		{3BAC8A10-72EC-443A-9A27-AEE9412988E4}.Debug|ARM64.Deploy.0 = Debug|ARM64
		{3BAC8A10-72EC-443A-9A27-AEE9412988E4}.Debug|x64.ActiveCfg = Debug|x64
		{3BAC8A10-72EC-443A-9A27-AEE9412988E4}.Debug|x64.Build.0 = Debug|x64
		{3BAC8A10-72EC-443A-9A27-AEE9412988E4}.Debug|x64.Deploy.0 = Debug|x64
		{3BAC8A10-72EC-443A-9A27-AEE9412988E4}.Debug|x86.ActiveCfg = Debug|x86
		{3BAC8A10-72EC-443A-9A27-AEE9412988E4}.Debug|x86.Build.0 = Debug|x86
		{3BAC8A10-72EC-443A-9A27-AEE9412988E4}.Debug|x86.Deploy.0 = Debug|x86
		{3BAC8A10-72EC-443A-9A27-AEE9412988E4}.Release|Any CPU.ActiveCfg = Release|x86
		{3BAC8A10-72EC-443A-9A27-AEE9412988E4}.Release|ARM.ActiveCfg = Release|ARM
		{3BAC8A10-72EC-443A-9A27-AEE9412988E4}.Release|ARM.Build.0 = Release|ARM
		{3BAC8A10-72EC-443A-9A27-AEE9412988E4}.Release|ARM.Deploy.0 = Release|ARM
		{3BAC8A10-72EC-443A-9A27-AEE9412988E4}.Release|ARM64.ActiveCfg = Release|ARM64
		{3BAC8A10-72EC-443A-9A27-AEE9412988E4}.Release|ARM64.Build.0 = Release|ARM64
		{3BAC8A10-72EC-443A-9A27-AEE9412988E4}.Release|ARM64.Deploy.0 = Release|ARM64
		{3BAC8A10-72EC-443A-9A27-AEE9412988E4}.Release|x64.ActiveCfg = Release|x64
		{3BAC8A10-72EC-443A-9A27-AEE9412988E4}.Release|x64.Build.0 = Release|x64
		{3BAC8A10-72EC-443A-9A27-AEE9412988E4}.Release|x64.Deploy.0 = Release|x64
		{3BAC8A10-72EC-443A-9A27-AEE9412988E4}.Release|x86.ActiveCfg = Release|x86
		{3BAC8A10-72EC-443A-9A27-AEE9412988E4}.Release|x86.Build.0 = Release|x86
		{3BAC8A10-72EC-443A-9A27-AEE9412988E4}.Release|x86.Deploy.0 = Release|x86
		{9A391899-5924-401D-96B9-37B53E1700AB}.Debug|Any CPU.ActiveCfg = Debug|Any CPU
		{9A391899-5924-401D-96B9-37B53E1700AB}.Debug|Any CPU.Build.0 = Debug|Any CPU
		{9A391899-5924-401D-96B9-37B53E1700AB}.Debug|ARM.ActiveCfg = Debug|ARM
		{9A391899-5924-401D-96B9-37B53E1700AB}.Debug|ARM.Build.0 = Debug|ARM
		{9A391899-5924-401D-96B9-37B53E1700AB}.Debug|ARM64.ActiveCfg = Debug|ARM64
		{9A391899-5924-401D-96B9-37B53E1700AB}.Debug|ARM64.Build.0 = Debug|ARM64
		{9A391899-5924-401D-96B9-37B53E1700AB}.Debug|x64.ActiveCfg = Debug|x64
		{9A391899-5924-401D-96B9-37B53E1700AB}.Debug|x64.Build.0 = Debug|x64
		{9A391899-5924-401D-96B9-37B53E1700AB}.Debug|x86.ActiveCfg = Debug|x86
		{9A391899-5924-401D-96B9-37B53E1700AB}.Debug|x86.Build.0 = Debug|x86
		{9A391899-5924-401D-96B9-37B53E1700AB}.Release|Any CPU.ActiveCfg = Release|Any CPU
		{9A391899-5924-401D-96B9-37B53E1700AB}.Release|Any CPU.Build.0 = Release|Any CPU
		{9A391899-5924-401D-96B9-37B53E1700AB}.Release|ARM.ActiveCfg = Release|ARM
		{9A391899-5924-401D-96B9-37B53E1700AB}.Release|ARM.Build.0 = Release|ARM
		{9A391899-5924-401D-96B9-37B53E1700AB}.Release|ARM64.ActiveCfg = Release|ARM64
		{9A391899-5924-401D-96B9-37B53E1700AB}.Release|ARM64.Build.0 = Release|ARM64
		{9A391899-5924-401D-96B9-37B53E1700AB}.Release|x64.ActiveCfg = Release|x64
		{9A391899-5924-401D-96B9-37B53E1700AB}.Release|x64.Build.0 = Release|x64
		{9A391899-5924-401D-96B9-37B53E1700AB}.Release|x86.ActiveCfg = Release|x86
		{9A391899-5924-401D-96B9-37B53E1700AB}.Release|x86.Build.0 = Release|x86
		{3498308D-D0B6-40A0-8E14-2FDFF653BFCF}.Debug|Any CPU.ActiveCfg = Debug|Any CPU
		{3498308D-D0B6-40A0-8E14-2FDFF653BFCF}.Debug|Any CPU.Build.0 = Debug|Any CPU
		{3498308D-D0B6-40A0-8E14-2FDFF653BFCF}.Debug|ARM.ActiveCfg = Debug|ARM
		{3498308D-D0B6-40A0-8E14-2FDFF653BFCF}.Debug|ARM.Build.0 = Debug|ARM
		{3498308D-D0B6-40A0-8E14-2FDFF653BFCF}.Debug|ARM64.ActiveCfg = Debug|ARM64
		{3498308D-D0B6-40A0-8E14-2FDFF653BFCF}.Debug|ARM64.Build.0 = Debug|ARM64
		{3498308D-D0B6-40A0-8E14-2FDFF653BFCF}.Debug|x64.ActiveCfg = Debug|x64
		{3498308D-D0B6-40A0-8E14-2FDFF653BFCF}.Debug|x64.Build.0 = Debug|x64
		{3498308D-D0B6-40A0-8E14-2FDFF653BFCF}.Debug|x86.ActiveCfg = Debug|x86
		{3498308D-D0B6-40A0-8E14-2FDFF653BFCF}.Debug|x86.Build.0 = Debug|x86
		{3498308D-D0B6-40A0-8E14-2FDFF653BFCF}.Release|Any CPU.ActiveCfg = Release|Any CPU
		{3498308D-D0B6-40A0-8E14-2FDFF653BFCF}.Release|Any CPU.Build.0 = Release|Any CPU
		{3498308D-D0B6-40A0-8E14-2FDFF653BFCF}.Release|ARM.ActiveCfg = Release|ARM
		{3498308D-D0B6-40A0-8E14-2FDFF653BFCF}.Release|ARM.Build.0 = Release|ARM
		{3498308D-D0B6-40A0-8E14-2FDFF653BFCF}.Release|ARM64.ActiveCfg = Release|ARM64
		{3498308D-D0B6-40A0-8E14-2FDFF653BFCF}.Release|ARM64.Build.0 = Release|ARM64
		{3498308D-D0B6-40A0-8E14-2FDFF653BFCF}.Release|x64.ActiveCfg = Release|x64
		{3498308D-D0B6-40A0-8E14-2FDFF653BFCF}.Release|x64.Build.0 = Release|x64
		{3498308D-D0B6-40A0-8E14-2FDFF653BFCF}.Release|x86.ActiveCfg = Release|x86
		{3498308D-D0B6-40A0-8E14-2FDFF653BFCF}.Release|x86.Build.0 = Release|x86
	EndGlobalSection
	GlobalSection(SolutionProperties) = preSolution
		HideSolutionNode = FALSE
	EndGlobalSection
	GlobalSection(ExtensibilityGlobals) = postSolution
		SolutionGuid = {0369B46C-5067-4B84-A96A-916FFD081920}
	EndGlobalSection
EndGlobal
